
Microsoft Visual Studio Solution File, Format Version 12.00
# Visual Studio 15
VisualStudioVersion = 15.0.27703.2042
MinimumVisualStudioVersion = 10.0.40219.1
Project("{2150E333-8FDC-42A3-9474-1A3956D46DE8}") = "H6Game.Models", "H6Game.Models", "{544F8B30-EC41-407D-B91D-95EE241F885F}"
EndProject
Project("{9A19103F-16F7-4668-BE54-9A1E7A4F7556}") = "H6Game.Message", "H6Game.Message\H6Game.Message.csproj", "{8F854D1B-D001-4E54-B295-916E88F590C7}"
	ProjectSection(ProjectDependencies) = postProject
		{E2F45C9C-7DB6-4188-8399-FC3F1B82B56E} = {E2F45C9C-7DB6-4188-8399-FC3F1B82B56E}
	EndProjectSection
EndProject
Project("{9A19103F-16F7-4668-BE54-9A1E7A4F7556}") = "H6Game.Account.Model", "H6Game.Models\H6Game.Account.Model\H6Game.Account.Model.csproj", "{7A89AB8F-3878-4D34-BD2F-6291C1749791}"
	ProjectSection(ProjectDependencies) = postProject
		{8F854D1B-D001-4E54-B295-916E88F590C7} = {8F854D1B-D001-4E54-B295-916E88F590C7}
		{B6603A22-31C2-4B82-A3DB-410894B6A224} = {B6603A22-31C2-4B82-A3DB-410894B6A224}
		{25A0602D-0BE2-4850-B5D8-897BAF371B50} = {25A0602D-0BE2-4850-B5D8-897BAF371B50}
		{E2F45C9C-7DB6-4188-8399-FC3F1B82B56E} = {E2F45C9C-7DB6-4188-8399-FC3F1B82B56E}
		{7D5262A8-CC7E-458B-BE9E-8C9F14868463} = {7D5262A8-CC7E-458B-BE9E-8C9F14868463}
		{9467EDEB-113E-4BA6-AC47-2FBA2D8EF9FA} = {9467EDEB-113E-4BA6-AC47-2FBA2D8EF9FA}
	EndProjectSection
EndProject
Project("{9A19103F-16F7-4668-BE54-9A1E7A4F7556}") = "H6Game.Game.Model", "H6Game.Models\H6Game.Game.Model\H6Game.Game.Model.csproj", "{7E5E99A8-A52D-4D9C-8322-7CEEECAF1B50}"
	ProjectSection(ProjectDependencies) = postProject
		{8F854D1B-D001-4E54-B295-916E88F590C7} = {8F854D1B-D001-4E54-B295-916E88F590C7}
		{25A0602D-0BE2-4850-B5D8-897BAF371B50} = {25A0602D-0BE2-4850-B5D8-897BAF371B50}
		{E2F45C9C-7DB6-4188-8399-FC3F1B82B56E} = {E2F45C9C-7DB6-4188-8399-FC3F1B82B56E}
		{9467EDEB-113E-4BA6-AC47-2FBA2D8EF9FA} = {9467EDEB-113E-4BA6-AC47-2FBA2D8EF9FA}
	EndProjectSection
EndProject
Project("{9A19103F-16F7-4668-BE54-9A1E7A4F7556}") = "H6Game.Gate.Model", "H6Game.Models\H6Game.Gate.Model\H6Game.Gate.Model.csproj", "{4854822F-A4F2-4CAC-AD6D-C41F639276EE}"
	ProjectSection(ProjectDependencies) = postProject
		{8F854D1B-D001-4E54-B295-916E88F590C7} = {8F854D1B-D001-4E54-B295-916E88F590C7}
		{25A0602D-0BE2-4850-B5D8-897BAF371B50} = {25A0602D-0BE2-4850-B5D8-897BAF371B50}
		{E2F45C9C-7DB6-4188-8399-FC3F1B82B56E} = {E2F45C9C-7DB6-4188-8399-FC3F1B82B56E}
		{9467EDEB-113E-4BA6-AC47-2FBA2D8EF9FA} = {9467EDEB-113E-4BA6-AC47-2FBA2D8EF9FA}
	EndProjectSection
EndProject
Project("{9A19103F-16F7-4668-BE54-9A1E7A4F7556}") = "H6Game.Pay.Model", "H6Game.Models\H6Game.Pay.Model\H6Game.Pay.Model.csproj", "{F8470C7B-9B92-4A34-8556-CACDEC363F43}"
	ProjectSection(ProjectDependencies) = postProject
		{8F854D1B-D001-4E54-B295-916E88F590C7} = {8F854D1B-D001-4E54-B295-916E88F590C7}
		{25A0602D-0BE2-4850-B5D8-897BAF371B50} = {25A0602D-0BE2-4850-B5D8-897BAF371B50}
		{E2F45C9C-7DB6-4188-8399-FC3F1B82B56E} = {E2F45C9C-7DB6-4188-8399-FC3F1B82B56E}
		{9467EDEB-113E-4BA6-AC47-2FBA2D8EF9FA} = {9467EDEB-113E-4BA6-AC47-2FBA2D8EF9FA}
	EndProjectSection
EndProject
Project("{2150E333-8FDC-42A3-9474-1A3956D46DE8}") = "H6Game.Test", "H6Game.Test", "{D44EC1DD-AD19-4F8F-9B57-08CA9B6AD2FA}"
EndProject
Project("{9A19103F-16F7-4668-BE54-9A1E7A4F7556}") = "H6Game.BaseTest", "H6Game.Test\H6Game.BaseTest\H6Game.BaseTest.csproj", "{B6603A22-31C2-4B82-A3DB-410894B6A224}"
	ProjectSection(ProjectDependencies) = postProject
		{8F854D1B-D001-4E54-B295-916E88F590C7} = {8F854D1B-D001-4E54-B295-916E88F590C7}
		{25A0602D-0BE2-4850-B5D8-897BAF371B50} = {25A0602D-0BE2-4850-B5D8-897BAF371B50}
		{7D5262A8-CC7E-458B-BE9E-8C9F14868463} = {7D5262A8-CC7E-458B-BE9E-8C9F14868463}
		{9467EDEB-113E-4BA6-AC47-2FBA2D8EF9FA} = {9467EDEB-113E-4BA6-AC47-2FBA2D8EF9FA}
	EndProjectSection
EndProject
Project("{9A19103F-16F7-4668-BE54-9A1E7A4F7556}") = "H6Game.Base", "H6Game.Base\H6Game.Base.csproj", "{25A0602D-0BE2-4850-B5D8-897BAF371B50}"
	ProjectSection(ProjectDependencies) = postProject
		{8F854D1B-D001-4E54-B295-916E88F590C7} = {8F854D1B-D001-4E54-B295-916E88F590C7}
		{AA139D1F-E279-45A4-8D5F-D9B556016F90} = {AA139D1F-E279-45A4-8D5F-D9B556016F90}
		{AD27E75C-3A58-44CB-80E9-1C89F9D913B9} = {AD27E75C-3A58-44CB-80E9-1C89F9D913B9}
		{E523188B-5259-428B-857B-2EF4EEF2180F} = {E523188B-5259-428B-857B-2EF4EEF2180F}
		{D0C93D98-2CED-4E71-BF8B-9E13B41F10B1} = {D0C93D98-2CED-4E71-BF8B-9E13B41F10B1}
		{9BB595B1-E3F6-4009-85C0-873049A2072F} = {9BB595B1-E3F6-4009-85C0-873049A2072F}
		{9467EDEB-113E-4BA6-AC47-2FBA2D8EF9FA} = {9467EDEB-113E-4BA6-AC47-2FBA2D8EF9FA}
		{32039CEC-94BD-4E98-B25D-DEA0F0DF0E99} = {32039CEC-94BD-4E98-B25D-DEA0F0DF0E99}
	EndProjectSection
EndProject
Project("{9A19103F-16F7-4668-BE54-9A1E7A4F7556}") = "ServerApp", "Server\ServerApp\ServerApp.csproj", "{3850AF37-2A58-4270-BA85-D84724BF2BBB}"
	ProjectSection(ProjectDependencies) = postProject
		{4854822F-A4F2-4CAC-AD6D-C41F639276EE} = {4854822F-A4F2-4CAC-AD6D-C41F639276EE}
		{F8470C7B-9B92-4A34-8556-CACDEC363F43} = {F8470C7B-9B92-4A34-8556-CACDEC363F43}
		{7A89AB8F-3878-4D34-BD2F-6291C1749791} = {7A89AB8F-3878-4D34-BD2F-6291C1749791}
		{7E5E99A8-A52D-4D9C-8322-7CEEECAF1B50} = {7E5E99A8-A52D-4D9C-8322-7CEEECAF1B50}
	EndProjectSection
EndProject
Project("{2150E333-8FDC-42A3-9474-1A3956D46DE8}") = "ThirdParty", "ThirdParty", "{61168F8B-A28A-4F04-88F8-022352849042}"
EndProject
Project("{9A19103F-16F7-4668-BE54-9A1E7A4F7556}") = "Google.Protobuf", "ThirdParty\Google.Protobuf\Google.Protobuf.csproj", "{E2F45C9C-7DB6-4188-8399-FC3F1B82B56E}"
EndProject
Project("{9A19103F-16F7-4668-BE54-9A1E7A4F7556}") = "H6Game.Rpository", "H6Game.Rpository\H6Game.Rpository.csproj", "{7D5262A8-CC7E-458B-BE9E-8C9F14868463}"
	ProjectSection(ProjectDependencies) = postProject
		{25A0602D-0BE2-4850-B5D8-897BAF371B50} = {25A0602D-0BE2-4850-B5D8-897BAF371B50}
		{D0C93D98-2CED-4E71-BF8B-9E13B41F10B1} = {D0C93D98-2CED-4E71-BF8B-9E13B41F10B1}
		{9467EDEB-113E-4BA6-AC47-2FBA2D8EF9FA} = {9467EDEB-113E-4BA6-AC47-2FBA2D8EF9FA}
	EndProjectSection
EndProject
Project("{9A19103F-16F7-4668-BE54-9A1E7A4F7556}") = "H6Game.Entities", "H6Game.Entities\H6Game.Entities.csproj", "{9467EDEB-113E-4BA6-AC47-2FBA2D8EF9FA}"
	ProjectSection(ProjectDependencies) = postProject
		{AA139D1F-E279-45A4-8D5F-D9B556016F90} = {AA139D1F-E279-45A4-8D5F-D9B556016F90}
	EndProjectSection
EndProject
Project("{2150E333-8FDC-42A3-9474-1A3956D46DE8}") = "MongodbDriver", "MongodbDriver", "{90EB09CC-9D97-4C73-9804-3BB43502C85A}"
EndProject
Project("{9A19103F-16F7-4668-BE54-9A1E7A4F7556}") = "MongoDB.Bson", "ThirdParty\MongodbDriver\src\Dotnet\MongoDB.Bson\MongoDB.Bson.csproj", "{AA139D1F-E279-45A4-8D5F-D9B556016F90}"
EndProject
Project("{9A19103F-16F7-4668-BE54-9A1E7A4F7556}") = "MongoDB.Driver", "ThirdParty\MongodbDriver\src\Dotnet\MongoDB.Driver\MongoDB.Driver.csproj", "{D0C93D98-2CED-4E71-BF8B-9E13B41F10B1}"
EndProject
Project("{9A19103F-16F7-4668-BE54-9A1E7A4F7556}") = "MongoDB.Driver.Core", "ThirdParty\MongodbDriver\src\Dotnet\MongoDB.Driver.Core\MongoDB.Driver.Core.csproj", "{E523188B-5259-428B-857B-2EF4EEF2180F}"
EndProject
Project("{9A19103F-16F7-4668-BE54-9A1E7A4F7556}") = "MongoDB.Driver.GridFS", "ThirdParty\MongodbDriver\src\Dotnet\MongoDB.Driver.GridFS\MongoDB.Driver.GridFS.csproj", "{AD27E75C-3A58-44CB-80E9-1C89F9D913B9}"
EndProject
Project("{9A19103F-16F7-4668-BE54-9A1E7A4F7556}") = "MongoDB.Driver.Legacy", "ThirdParty\MongodbDriver\src\Dotnet\MongoDB.Driver.Legacy\MongoDB.Driver.Legacy.csproj", "{32039CEC-94BD-4E98-B25D-DEA0F0DF0E99}"
EndProject
Project("{FAE04EC0-301F-11D3-BF4B-00C04F79EFBC}") = "H6Game.TestDistributed", "H6Game.Test\H6Game.TestDistributed\H6Game.TestDistributed.csproj", "{733B3765-3EE3-4416-B738-9C37C68121B8}"
	ProjectSection(ProjectDependencies) = postProject
		{8F854D1B-D001-4E54-B295-916E88F590C7} = {8F854D1B-D001-4E54-B295-916E88F590C7}
		{7D5262A8-CC7E-458B-BE9E-8C9F14868463} = {7D5262A8-CC7E-458B-BE9E-8C9F14868463}
		{9BB595B1-E3F6-4009-85C0-873049A2072F} = {9BB595B1-E3F6-4009-85C0-873049A2072F}
	EndProjectSection
EndProject
Project("{9A19103F-16F7-4668-BE54-9A1E7A4F7556}") = "H6Game.Tester", "H6Game.Test\H6Game.Tester\H6Game.Tester.csproj", "{9134C3F6-6CE2-4544-8A67-B5A0DC35B7F1}"
EndProject
Project("{FAE04EC0-301F-11D3-BF4B-00C04F79EFBC}") = "H6Game.TestMogodb", "H6Game.Test\H6Game.TestMogodb\H6Game.TestMogodb.csproj", "{0361CCBA-F333-4FAF-B9AB-0589C600D485}"
	ProjectSection(ProjectDependencies) = postProject
		{7D5262A8-CC7E-458B-BE9E-8C9F14868463} = {7D5262A8-CC7E-458B-BE9E-8C9F14868463}
	EndProjectSection
EndProject
Project("{9A19103F-16F7-4668-BE54-9A1E7A4F7556}") = "log4net", "ThirdParty\logging-log4net\netstandard\log4net\log4net.csproj", "{9BB595B1-E3F6-4009-85C0-873049A2072F}"
EndProject
Project("{FAE04EC0-301F-11D3-BF4B-00C04F79EFBC}") = "H6Game.TestKcpClientBenckmark", "H6Game.Test\H6Game.TestKcpClientBenckmark\H6Game.TestKcpClientBenckmark.csproj", "{1CF0C878-2E0D-45D4-9B9F-1DF8B542B5A5}"
EndProject
Project("{FAE04EC0-301F-11D3-BF4B-00C04F79EFBC}") = "H6Game.TestKcpServerBenckmark", "H6Game.Test\H6Game.TestKcpServerBenckmark\H6Game.TestKcpServerBenckmark.csproj", "{F8C2593B-CFCB-4E99-8B05-1615A5449A4F}"
EndProject
Project("{FAE04EC0-301F-11D3-BF4B-00C04F79EFBC}") = "H6Game.TestActorMessage", "H6Game.Test\H6Game.TestActorMessage\H6Game.TestActorMessage.csproj", "{83AC1E22-95C6-4890-AC6E-754ED60340A5}"
EndProject
Global
	GlobalSection(SolutionConfigurationPlatforms) = preSolution
		Debug|Any CPU = Debug|Any CPU
		Release|Any CPU = Release|Any CPU
	EndGlobalSection
	GlobalSection(ProjectConfigurationPlatforms) = postSolution
		{8F854D1B-D001-4E54-B295-916E88F590C7}.Debug|Any CPU.ActiveCfg = Debug|Any CPU
		{8F854D1B-D001-4E54-B295-916E88F590C7}.Debug|Any CPU.Build.0 = Debug|Any CPU
		{8F854D1B-D001-4E54-B295-916E88F590C7}.Release|Any CPU.ActiveCfg = Release|Any CPU
		{8F854D1B-D001-4E54-B295-916E88F590C7}.Release|Any CPU.Build.0 = Release|Any CPU
		{7A89AB8F-3878-4D34-BD2F-6291C1749791}.Debug|Any CPU.ActiveCfg = Debug|Any CPU
		{7A89AB8F-3878-4D34-BD2F-6291C1749791}.Debug|Any CPU.Build.0 = Debug|Any CPU
		{7A89AB8F-3878-4D34-BD2F-6291C1749791}.Release|Any CPU.ActiveCfg = Release|Any CPU
		{7A89AB8F-3878-4D34-BD2F-6291C1749791}.Release|Any CPU.Build.0 = Release|Any CPU
		{7E5E99A8-A52D-4D9C-8322-7CEEECAF1B50}.Debug|Any CPU.ActiveCfg = Debug|Any CPU
		{7E5E99A8-A52D-4D9C-8322-7CEEECAF1B50}.Debug|Any CPU.Build.0 = Debug|Any CPU
		{7E5E99A8-A52D-4D9C-8322-7CEEECAF1B50}.Release|Any CPU.ActiveCfg = Release|Any CPU
		{7E5E99A8-A52D-4D9C-8322-7CEEECAF1B50}.Release|Any CPU.Build.0 = Release|Any CPU
		{4854822F-A4F2-4CAC-AD6D-C41F639276EE}.Debug|Any CPU.ActiveCfg = Debug|Any CPU
		{4854822F-A4F2-4CAC-AD6D-C41F639276EE}.Debug|Any CPU.Build.0 = Debug|Any CPU
		{4854822F-A4F2-4CAC-AD6D-C41F639276EE}.Release|Any CPU.ActiveCfg = Release|Any CPU
		{4854822F-A4F2-4CAC-AD6D-C41F639276EE}.Release|Any CPU.Build.0 = Release|Any CPU
		{F8470C7B-9B92-4A34-8556-CACDEC363F43}.Debug|Any CPU.ActiveCfg = Debug|Any CPU
		{F8470C7B-9B92-4A34-8556-CACDEC363F43}.Debug|Any CPU.Build.0 = Debug|Any CPU
		{F8470C7B-9B92-4A34-8556-CACDEC363F43}.Release|Any CPU.ActiveCfg = Release|Any CPU
		{F8470C7B-9B92-4A34-8556-CACDEC363F43}.Release|Any CPU.Build.0 = Release|Any CPU
		{B6603A22-31C2-4B82-A3DB-410894B6A224}.Debug|Any CPU.ActiveCfg = Debug|Any CPU
		{B6603A22-31C2-4B82-A3DB-410894B6A224}.Debug|Any CPU.Build.0 = Debug|Any CPU
		{B6603A22-31C2-4B82-A3DB-410894B6A224}.Release|Any CPU.ActiveCfg = Release|Any CPU
		{B6603A22-31C2-4B82-A3DB-410894B6A224}.Release|Any CPU.Build.0 = Release|Any CPU
		{25A0602D-0BE2-4850-B5D8-897BAF371B50}.Debug|Any CPU.ActiveCfg = Debug|Any CPU
		{25A0602D-0BE2-4850-B5D8-897BAF371B50}.Debug|Any CPU.Build.0 = Debug|Any CPU
		{25A0602D-0BE2-4850-B5D8-897BAF371B50}.Release|Any CPU.ActiveCfg = Release|Any CPU
		{25A0602D-0BE2-4850-B5D8-897BAF371B50}.Release|Any CPU.Build.0 = Release|Any CPU
		{3850AF37-2A58-4270-BA85-D84724BF2BBB}.Debug|Any CPU.ActiveCfg = Debug|Any CPU
		{3850AF37-2A58-4270-BA85-D84724BF2BBB}.Debug|Any CPU.Build.0 = Debug|Any CPU
		{3850AF37-2A58-4270-BA85-D84724BF2BBB}.Release|Any CPU.ActiveCfg = Release|Any CPU
		{3850AF37-2A58-4270-BA85-D84724BF2BBB}.Release|Any CPU.Build.0 = Release|Any CPU
		{E2F45C9C-7DB6-4188-8399-FC3F1B82B56E}.Debug|Any CPU.ActiveCfg = Debug|Any CPU
		{E2F45C9C-7DB6-4188-8399-FC3F1B82B56E}.Debug|Any CPU.Build.0 = Debug|Any CPU
		{E2F45C9C-7DB6-4188-8399-FC3F1B82B56E}.Release|Any CPU.ActiveCfg = Release|Any CPU
		{E2F45C9C-7DB6-4188-8399-FC3F1B82B56E}.Release|Any CPU.Build.0 = Release|Any CPU
		{7D5262A8-CC7E-458B-BE9E-8C9F14868463}.Debug|Any CPU.ActiveCfg = Debug|Any CPU
		{7D5262A8-CC7E-458B-BE9E-8C9F14868463}.Debug|Any CPU.Build.0 = Debug|Any CPU
		{7D5262A8-CC7E-458B-BE9E-8C9F14868463}.Release|Any CPU.ActiveCfg = Release|Any CPU
		{7D5262A8-CC7E-458B-BE9E-8C9F14868463}.Release|Any CPU.Build.0 = Release|Any CPU
		{9467EDEB-113E-4BA6-AC47-2FBA2D8EF9FA}.Debug|Any CPU.ActiveCfg = Debug|Any CPU
		{9467EDEB-113E-4BA6-AC47-2FBA2D8EF9FA}.Debug|Any CPU.Build.0 = Debug|Any CPU
		{9467EDEB-113E-4BA6-AC47-2FBA2D8EF9FA}.Release|Any CPU.ActiveCfg = Release|Any CPU
		{9467EDEB-113E-4BA6-AC47-2FBA2D8EF9FA}.Release|Any CPU.Build.0 = Release|Any CPU
		{AA139D1F-E279-45A4-8D5F-D9B556016F90}.Debug|Any CPU.ActiveCfg = Debug|Any CPU
		{AA139D1F-E279-45A4-8D5F-D9B556016F90}.Debug|Any CPU.Build.0 = Debug|Any CPU
		{AA139D1F-E279-45A4-8D5F-D9B556016F90}.Release|Any CPU.ActiveCfg = Release|Any CPU
		{AA139D1F-E279-45A4-8D5F-D9B556016F90}.Release|Any CPU.Build.0 = Release|Any CPU
		{D0C93D98-2CED-4E71-BF8B-9E13B41F10B1}.Debug|Any CPU.ActiveCfg = Debug|Any CPU
		{D0C93D98-2CED-4E71-BF8B-9E13B41F10B1}.Debug|Any CPU.Build.0 = Debug|Any CPU
		{D0C93D98-2CED-4E71-BF8B-9E13B41F10B1}.Release|Any CPU.ActiveCfg = Release|Any CPU
		{D0C93D98-2CED-4E71-BF8B-9E13B41F10B1}.Release|Any CPU.Build.0 = Release|Any CPU
		{E523188B-5259-428B-857B-2EF4EEF2180F}.Debug|Any CPU.ActiveCfg = Debug|Any CPU
		{E523188B-5259-428B-857B-2EF4EEF2180F}.Debug|Any CPU.Build.0 = Debug|Any CPU
		{E523188B-5259-428B-857B-2EF4EEF2180F}.Release|Any CPU.ActiveCfg = Release|Any CPU
		{E523188B-5259-428B-857B-2EF4EEF2180F}.Release|Any CPU.Build.0 = Release|Any CPU
		{AD27E75C-3A58-44CB-80E9-1C89F9D913B9}.Debug|Any CPU.ActiveCfg = Debug|Any CPU
		{AD27E75C-3A58-44CB-80E9-1C89F9D913B9}.Debug|Any CPU.Build.0 = Debug|Any CPU
		{AD27E75C-3A58-44CB-80E9-1C89F9D913B9}.Release|Any CPU.ActiveCfg = Release|Any CPU
		{AD27E75C-3A58-44CB-80E9-1C89F9D913B9}.Release|Any CPU.Build.0 = Release|Any CPU
		{32039CEC-94BD-4E98-B25D-DEA0F0DF0E99}.Debug|Any CPU.ActiveCfg = Debug|Any CPU
		{32039CEC-94BD-4E98-B25D-DEA0F0DF0E99}.Debug|Any CPU.Build.0 = Debug|Any CPU
		{32039CEC-94BD-4E98-B25D-DEA0F0DF0E99}.Release|Any CPU.ActiveCfg = Release|Any CPU
		{32039CEC-94BD-4E98-B25D-DEA0F0DF0E99}.Release|Any CPU.Build.0 = Release|Any CPU
		{733B3765-3EE3-4416-B738-9C37C68121B8}.Debug|Any CPU.ActiveCfg = Debug|Any CPU
		{733B3765-3EE3-4416-B738-9C37C68121B8}.Debug|Any CPU.Build.0 = Debug|Any CPU
		{733B3765-3EE3-4416-B738-9C37C68121B8}.Release|Any CPU.ActiveCfg = Release|Any CPU
		{733B3765-3EE3-4416-B738-9C37C68121B8}.Release|Any CPU.Build.0 = Release|Any CPU
		{9134C3F6-6CE2-4544-8A67-B5A0DC35B7F1}.Debug|Any CPU.ActiveCfg = Debug|Any CPU
		{9134C3F6-6CE2-4544-8A67-B5A0DC35B7F1}.Debug|Any CPU.Build.0 = Debug|Any CPU
		{9134C3F6-6CE2-4544-8A67-B5A0DC35B7F1}.Release|Any CPU.ActiveCfg = Release|Any CPU
		{9134C3F6-6CE2-4544-8A67-B5A0DC35B7F1}.Release|Any CPU.Build.0 = Release|Any CPU
		{0361CCBA-F333-4FAF-B9AB-0589C600D485}.Debug|Any CPU.ActiveCfg = Debug|Any CPU
		{0361CCBA-F333-4FAF-B9AB-0589C600D485}.Debug|Any CPU.Build.0 = Debug|Any CPU
		{0361CCBA-F333-4FAF-B9AB-0589C600D485}.Release|Any CPU.ActiveCfg = Release|Any CPU
		{0361CCBA-F333-4FAF-B9AB-0589C600D485}.Release|Any CPU.Build.0 = Release|Any CPU
		{9BB595B1-E3F6-4009-85C0-873049A2072F}.Debug|Any CPU.ActiveCfg = Debug|Any CPU
		{9BB595B1-E3F6-4009-85C0-873049A2072F}.Debug|Any CPU.Build.0 = Debug|Any CPU
		{9BB595B1-E3F6-4009-85C0-873049A2072F}.Release|Any CPU.ActiveCfg = Release|Any CPU
		{9BB595B1-E3F6-4009-85C0-873049A2072F}.Release|Any CPU.Build.0 = Release|Any CPU
		{1CF0C878-2E0D-45D4-9B9F-1DF8B542B5A5}.Debug|Any CPU.ActiveCfg = Debug|Any CPU
		{1CF0C878-2E0D-45D4-9B9F-1DF8B542B5A5}.Debug|Any CPU.Build.0 = Debug|Any CPU
		{1CF0C878-2E0D-45D4-9B9F-1DF8B542B5A5}.Release|Any CPU.ActiveCfg = Release|Any CPU
		{1CF0C878-2E0D-45D4-9B9F-1DF8B542B5A5}.Release|Any CPU.Build.0 = Release|Any CPU
		{F8C2593B-CFCB-4E99-8B05-1615A5449A4F}.Debug|Any CPU.ActiveCfg = Debug|Any CPU
		{F8C2593B-CFCB-4E99-8B05-1615A5449A4F}.Debug|Any CPU.Build.0 = Debug|Any CPU
		{F8C2593B-CFCB-4E99-8B05-1615A5449A4F}.Release|Any CPU.ActiveCfg = Release|Any CPU
		{F8C2593B-CFCB-4E99-8B05-1615A5449A4F}.Release|Any CPU.Build.0 = Release|Any CPU
		{83AC1E22-95C6-4890-AC6E-754ED60340A5}.Debug|Any CPU.ActiveCfg = Debug|Any CPU
		{83AC1E22-95C6-4890-AC6E-754ED60340A5}.Debug|Any CPU.Build.0 = Debug|Any CPU
		{83AC1E22-95C6-4890-AC6E-754ED60340A5}.Release|Any CPU.ActiveCfg = Release|Any CPU
		{83AC1E22-95C6-4890-AC6E-754ED60340A5}.Release|Any CPU.Build.0 = Release|Any CPU
	EndGlobalSection
	GlobalSection(SolutionProperties) = preSolution
		HideSolutionNode = FALSE
	EndGlobalSection
	GlobalSection(NestedProjects) = preSolution
		{7A89AB8F-3878-4D34-BD2F-6291C1749791} = {544F8B30-EC41-407D-B91D-95EE241F885F}
		{7E5E99A8-A52D-4D9C-8322-7CEEECAF1B50} = {544F8B30-EC41-407D-B91D-95EE241F885F}
		{4854822F-A4F2-4CAC-AD6D-C41F639276EE} = {544F8B30-EC41-407D-B91D-95EE241F885F}
		{F8470C7B-9B92-4A34-8556-CACDEC363F43} = {544F8B30-EC41-407D-B91D-95EE241F885F}
		{B6603A22-31C2-4B82-A3DB-410894B6A224} = {D44EC1DD-AD19-4F8F-9B57-08CA9B6AD2FA}
		{E2F45C9C-7DB6-4188-8399-FC3F1B82B56E} = {61168F8B-A28A-4F04-88F8-022352849042}
		{90EB09CC-9D97-4C73-9804-3BB43502C85A} = {61168F8B-A28A-4F04-88F8-022352849042}
		{AA139D1F-E279-45A4-8D5F-D9B556016F90} = {90EB09CC-9D97-4C73-9804-3BB43502C85A}
		{D0C93D98-2CED-4E71-BF8B-9E13B41F10B1} = {90EB09CC-9D97-4C73-9804-3BB43502C85A}
		{E523188B-5259-428B-857B-2EF4EEF2180F} = {90EB09CC-9D97-4C73-9804-3BB43502C85A}
		{AD27E75C-3A58-44CB-80E9-1C89F9D913B9} = {90EB09CC-9D97-4C73-9804-3BB43502C85A}
		{32039CEC-94BD-4E98-B25D-DEA0F0DF0E99} = {90EB09CC-9D97-4C73-9804-3BB43502C85A}
		{733B3765-3EE3-4416-B738-9C37C68121B8} = {D44EC1DD-AD19-4F8F-9B57-08CA9B6AD2FA}
		{9134C3F6-6CE2-4544-8A67-B5A0DC35B7F1} = {D44EC1DD-AD19-4F8F-9B57-08CA9B6AD2FA}
		{0361CCBA-F333-4FAF-B9AB-0589C600D485} = {D44EC1DD-AD19-4F8F-9B57-08CA9B6AD2FA}
		{9BB595B1-E3F6-4009-85C0-873049A2072F} = {61168F8B-A28A-4F04-88F8-022352849042}
		{1CF0C878-2E0D-45D4-9B9F-1DF8B542B5A5} = {D44EC1DD-AD19-4F8F-9B57-08CA9B6AD2FA}
		{F8C2593B-CFCB-4E99-8B05-1615A5449A4F} = {D44EC1DD-AD19-4F8F-9B57-08CA9B6AD2FA}
		{83AC1E22-95C6-4890-AC6E-754ED60340A5} = {D44EC1DD-AD19-4F8F-9B57-08CA9B6AD2FA}
	EndGlobalSection
	GlobalSection(ExtensibilityGlobals) = postSolution
		SolutionGuid = {9256E0EA-B7B6-467E-888A-9A55B18CEB05}
	EndGlobalSection
EndGlobal
