
Microsoft Visual Studio Solution File, Format Version 12.00
# Visual Studio 15
VisualStudioVersion = 15.0.27703.2042
MinimumVisualStudioVersion = 10.0.40219.1
Project("{2150E333-8FDC-42A3-9474-1A3956D46DE8}") = "H6Game.Models", "H6Game.Models", "{544F8B30-EC41-407D-B91D-95EE241F885F}"
EndProject
Project("{2150E333-8FDC-42A3-9474-1A3956D46DE8}") = "H6Game.Test", "H6Game.Test", "{D44EC1DD-AD19-4F8F-9B57-08CA9B6AD2FA}"
EndProject
Project("{9A19103F-16F7-4668-BE54-9A1E7A4F7556}") = "H6Game.BaseTest", "H6Game.Test\H6Game.BaseTest\H6Game.BaseTest.csproj", "{B6603A22-31C2-4B82-A3DB-410894B6A224}"
	ProjectSection(ProjectDependencies) = postProject
		{08B68702-8132-4617-BEB5-286420E74944} = {08B68702-8132-4617-BEB5-286420E74944}
		{E3F49039-8B0E-48CD-963C-6E46FB2275BC} = {E3F49039-8B0E-48CD-963C-6E46FB2275BC}
		{4584214F-C224-495D-B9BE-17B9F124F3FF} = {4584214F-C224-495D-B9BE-17B9F124F3FF}
		{48795A7C-B5DC-4FF4-A715-91294371014E} = {48795A7C-B5DC-4FF4-A715-91294371014E}
		{6ED404A7-6EC4-40FA-9BD6-ED6FA486FC46} = {6ED404A7-6EC4-40FA-9BD6-ED6FA486FC46}
		{299844AC-8AD4-4436-8751-88F214699BD7} = {299844AC-8AD4-4436-8751-88F214699BD7}
		{1F5B71CE-A326-480E-8B92-9751962EED49} = {1F5B71CE-A326-480E-8B92-9751962EED49}
		{AE9A6DE4-D93A-4EEF-BECF-16E242E111D8} = {AE9A6DE4-D93A-4EEF-BECF-16E242E111D8}
	EndProjectSection
EndProject
Project("{9A19103F-16F7-4668-BE54-9A1E7A4F7556}") = "ServerApp", "Server\ServerApp\ServerApp.csproj", "{3850AF37-2A58-4270-BA85-D84724BF2BBB}"
EndProject
Project("{2150E333-8FDC-42A3-9474-1A3956D46DE8}") = "ThirdParty", "ThirdParty", "{61168F8B-A28A-4F04-88F8-022352849042}"
EndProject
Project("{9A19103F-16F7-4668-BE54-9A1E7A4F7556}") = "Google.Protobuf", "ThirdParty\Google.Protobuf\Google.Protobuf.csproj", "{E2F45C9C-7DB6-4188-8399-FC3F1B82B56E}"
EndProject
Project("{2150E333-8FDC-42A3-9474-1A3956D46DE8}") = "MongodbDriver", "MongodbDriver", "{90EB09CC-9D97-4C73-9804-3BB43502C85A}"
EndProject
Project("{9A19103F-16F7-4668-BE54-9A1E7A4F7556}") = "MongoDB.Bson", "ThirdParty\MongodbDriver\src\Dotnet\MongoDB.Bson\MongoDB.Bson.csproj", "{AA139D1F-E279-45A4-8D5F-D9B556016F90}"
EndProject
Project("{9A19103F-16F7-4668-BE54-9A1E7A4F7556}") = "MongoDB.Driver", "ThirdParty\MongodbDriver\src\Dotnet\MongoDB.Driver\MongoDB.Driver.csproj", "{D0C93D98-2CED-4E71-BF8B-9E13B41F10B1}"
EndProject
Project("{9A19103F-16F7-4668-BE54-9A1E7A4F7556}") = "MongoDB.Driver.Core", "ThirdParty\MongodbDriver\src\Dotnet\MongoDB.Driver.Core\MongoDB.Driver.Core.csproj", "{E523188B-5259-428B-857B-2EF4EEF2180F}"
EndProject
Project("{9A19103F-16F7-4668-BE54-9A1E7A4F7556}") = "MongoDB.Driver.GridFS", "ThirdParty\MongodbDriver\src\Dotnet\MongoDB.Driver.GridFS\MongoDB.Driver.GridFS.csproj", "{AD27E75C-3A58-44CB-80E9-1C89F9D913B9}"
EndProject
Project("{9A19103F-16F7-4668-BE54-9A1E7A4F7556}") = "MongoDB.Driver.Legacy", "ThirdParty\MongodbDriver\src\Dotnet\MongoDB.Driver.Legacy\MongoDB.Driver.Legacy.csproj", "{32039CEC-94BD-4E98-B25D-DEA0F0DF0E99}"
EndProject
Project("{FAE04EC0-301F-11D3-BF4B-00C04F79EFBC}") = "H6Game.TestDistributed", "H6Game.Test\H6Game.TestDistributed\H6Game.TestDistributed.csproj", "{733B3765-3EE3-4416-B738-9C37C68121B8}"
	ProjectSection(ProjectDependencies) = postProject
		{08B68702-8132-4617-BEB5-286420E74944} = {08B68702-8132-4617-BEB5-286420E74944}
		{48795A7C-B5DC-4FF4-A715-91294371014E} = {48795A7C-B5DC-4FF4-A715-91294371014E}
		{6ED404A7-6EC4-40FA-9BD6-ED6FA486FC46} = {6ED404A7-6EC4-40FA-9BD6-ED6FA486FC46}
		{299844AC-8AD4-4436-8751-88F214699BD7} = {299844AC-8AD4-4436-8751-88F214699BD7}
		{AE9A6DE4-D93A-4EEF-BECF-16E242E111D8} = {AE9A6DE4-D93A-4EEF-BECF-16E242E111D8}
	EndProjectSection
EndProject
Project("{9A19103F-16F7-4668-BE54-9A1E7A4F7556}") = "H6Game.Tester", "H6Game.Test\H6Game.Tester\H6Game.Tester.csproj", "{9134C3F6-6CE2-4544-8A67-B5A0DC35B7F1}"
EndProject
Project("{FAE04EC0-301F-11D3-BF4B-00C04F79EFBC}") = "H6Game.TestMogodb", "H6Game.Test\H6Game.TestMogodb\H6Game.TestMogodb.csproj", "{0361CCBA-F333-4FAF-B9AB-0589C600D485}"
	ProjectSection(ProjectDependencies) = postProject
		{08B68702-8132-4617-BEB5-286420E74944} = {08B68702-8132-4617-BEB5-286420E74944}
		{AE9A6DE4-D93A-4EEF-BECF-16E242E111D8} = {AE9A6DE4-D93A-4EEF-BECF-16E242E111D8}
	EndProjectSection
EndProject
Project("{FAE04EC0-301F-11D3-BF4B-00C04F79EFBC}") = "H6Game.TestKcpClientBenckmark", "H6Game.Test\H6Game.TestKcpClientBenckmark\H6Game.TestKcpClientBenckmark.csproj", "{1CF0C878-2E0D-45D4-9B9F-1DF8B542B5A5}"
	ProjectSection(ProjectDependencies) = postProject
		{08B68702-8132-4617-BEB5-286420E74944} = {08B68702-8132-4617-BEB5-286420E74944}
		{48795A7C-B5DC-4FF4-A715-91294371014E} = {48795A7C-B5DC-4FF4-A715-91294371014E}
		{6ED404A7-6EC4-40FA-9BD6-ED6FA486FC46} = {6ED404A7-6EC4-40FA-9BD6-ED6FA486FC46}
		{299844AC-8AD4-4436-8751-88F214699BD7} = {299844AC-8AD4-4436-8751-88F214699BD7}
		{AE9A6DE4-D93A-4EEF-BECF-16E242E111D8} = {AE9A6DE4-D93A-4EEF-BECF-16E242E111D8}
	EndProjectSection
EndProject
Project("{FAE04EC0-301F-11D3-BF4B-00C04F79EFBC}") = "H6Game.TestKcpServerBenckmark", "H6Game.Test\H6Game.TestKcpServerBenckmark\H6Game.TestKcpServerBenckmark.csproj", "{F8C2593B-CFCB-4E99-8B05-1615A5449A4F}"
	ProjectSection(ProjectDependencies) = postProject
		{08B68702-8132-4617-BEB5-286420E74944} = {08B68702-8132-4617-BEB5-286420E74944}
		{48795A7C-B5DC-4FF4-A715-91294371014E} = {48795A7C-B5DC-4FF4-A715-91294371014E}
		{6ED404A7-6EC4-40FA-9BD6-ED6FA486FC46} = {6ED404A7-6EC4-40FA-9BD6-ED6FA486FC46}
		{AE9A6DE4-D93A-4EEF-BECF-16E242E111D8} = {AE9A6DE4-D93A-4EEF-BECF-16E242E111D8}
	EndProjectSection
EndProject
Project("{FAE04EC0-301F-11D3-BF4B-00C04F79EFBC}") = "H6Game.TestActorMessage", "H6Game.Test\H6Game.TestActorMessage\H6Game.TestActorMessage.csproj", "{83AC1E22-95C6-4890-AC6E-754ED60340A5}"
	ProjectSection(ProjectDependencies) = postProject
		{08B68702-8132-4617-BEB5-286420E74944} = {08B68702-8132-4617-BEB5-286420E74944}
		{48795A7C-B5DC-4FF4-A715-91294371014E} = {48795A7C-B5DC-4FF4-A715-91294371014E}
		{6ED404A7-6EC4-40FA-9BD6-ED6FA486FC46} = {6ED404A7-6EC4-40FA-9BD6-ED6FA486FC46}
		{AE9A6DE4-D93A-4EEF-BECF-16E242E111D8} = {AE9A6DE4-D93A-4EEF-BECF-16E242E111D8}
	EndProjectSection
EndProject
Project("{9A19103F-16F7-4668-BE54-9A1E7A4F7556}") = "H6Game.TestDistributedNetCore", "H6Game.Test\H6Game.TestDistributedNetCore\H6Game.TestDistributedNetCore.csproj", "{4BA0ECCE-4BDF-463C-97E6-11D2A5D518C3}"
	ProjectSection(ProjectDependencies) = postProject
		{08B68702-8132-4617-BEB5-286420E74944} = {08B68702-8132-4617-BEB5-286420E74944}
		{48795A7C-B5DC-4FF4-A715-91294371014E} = {48795A7C-B5DC-4FF4-A715-91294371014E}
		{6ED404A7-6EC4-40FA-9BD6-ED6FA486FC46} = {6ED404A7-6EC4-40FA-9BD6-ED6FA486FC46}
		{299844AC-8AD4-4436-8751-88F214699BD7} = {299844AC-8AD4-4436-8751-88F214699BD7}
		{AE9A6DE4-D93A-4EEF-BECF-16E242E111D8} = {AE9A6DE4-D93A-4EEF-BECF-16E242E111D8}
	EndProjectSection
EndProject
Project("{9A19103F-16F7-4668-BE54-9A1E7A4F7556}") = "H6Game.TestLooger", "H6Game.Test\H6Game.TestLooger\H6Game.TestLooger.csproj", "{427E2BB4-9BAE-49FB-A55A-84553991F7DE}"
	ProjectSection(ProjectDependencies) = postProject
		{08B68702-8132-4617-BEB5-286420E74944} = {08B68702-8132-4617-BEB5-286420E74944}
		{AE9A6DE4-D93A-4EEF-BECF-16E242E111D8} = {AE9A6DE4-D93A-4EEF-BECF-16E242E111D8}
	EndProjectSection
EndProject
Project("{9A19103F-16F7-4668-BE54-9A1E7A4F7556}") = "H6Game.TestKcpServerBenckmarkCore", "H6Game.Test\H6Game.TestKcpServerBenckmarkCore\H6Game.TestKcpServerBenckmarkCore.csproj", "{B21094BF-66CF-421F-A691-1F12D2B81161}"
	ProjectSection(ProjectDependencies) = postProject
		{08B68702-8132-4617-BEB5-286420E74944} = {08B68702-8132-4617-BEB5-286420E74944}
		{48795A7C-B5DC-4FF4-A715-91294371014E} = {48795A7C-B5DC-4FF4-A715-91294371014E}
		{6ED404A7-6EC4-40FA-9BD6-ED6FA486FC46} = {6ED404A7-6EC4-40FA-9BD6-ED6FA486FC46}
		{AE9A6DE4-D93A-4EEF-BECF-16E242E111D8} = {AE9A6DE4-D93A-4EEF-BECF-16E242E111D8}
	EndProjectSection
EndProject
Project("{9A19103F-16F7-4668-BE54-9A1E7A4F7556}") = "H6Game.TestKcpClientBenckmarkCore", "H6Game.Test\H6Game.TestKcpClientBenckmarkCore\H6Game.TestKcpClientBenckmarkCore.csproj", "{8AB0C28C-255B-40B8-8EBF-69A1F2681A9D}"
	ProjectSection(ProjectDependencies) = postProject
		{08B68702-8132-4617-BEB5-286420E74944} = {08B68702-8132-4617-BEB5-286420E74944}
		{48795A7C-B5DC-4FF4-A715-91294371014E} = {48795A7C-B5DC-4FF4-A715-91294371014E}
		{6ED404A7-6EC4-40FA-9BD6-ED6FA486FC46} = {6ED404A7-6EC4-40FA-9BD6-ED6FA486FC46}
		{AE9A6DE4-D93A-4EEF-BECF-16E242E111D8} = {AE9A6DE4-D93A-4EEF-BECF-16E242E111D8}
	EndProjectSection
EndProject
Project("{9A19103F-16F7-4668-BE54-9A1E7A4F7556}") = "H6Game.Account", "H6Game.Models\H6Game.Account\H6Game.Account.csproj", "{4584214F-C224-495D-B9BE-17B9F124F3FF}"
	ProjectSection(ProjectDependencies) = postProject
		{08B68702-8132-4617-BEB5-286420E74944} = {08B68702-8132-4617-BEB5-286420E74944}
		{48795A7C-B5DC-4FF4-A715-91294371014E} = {48795A7C-B5DC-4FF4-A715-91294371014E}
		{6ED404A7-6EC4-40FA-9BD6-ED6FA486FC46} = {6ED404A7-6EC4-40FA-9BD6-ED6FA486FC46}
		{AE9A6DE4-D93A-4EEF-BECF-16E242E111D8} = {AE9A6DE4-D93A-4EEF-BECF-16E242E111D8}
	EndProjectSection
EndProject
Project("{9A19103F-16F7-4668-BE54-9A1E7A4F7556}") = "H6Game.Game", "H6Game.Models\H6Game.Game\H6Game.Game.csproj", "{E3F49039-8B0E-48CD-963C-6E46FB2275BC}"
EndProject
Project("{9A19103F-16F7-4668-BE54-9A1E7A4F7556}") = "H6Game.Gate", "H6Game.Models\H6Game.Gate\H6Game.Gate.csproj", "{299844AC-8AD4-4436-8751-88F214699BD7}"
	ProjectSection(ProjectDependencies) = postProject
		{08B68702-8132-4617-BEB5-286420E74944} = {08B68702-8132-4617-BEB5-286420E74944}
		{6ED404A7-6EC4-40FA-9BD6-ED6FA486FC46} = {6ED404A7-6EC4-40FA-9BD6-ED6FA486FC46}
		{AE9A6DE4-D93A-4EEF-BECF-16E242E111D8} = {AE9A6DE4-D93A-4EEF-BECF-16E242E111D8}
	EndProjectSection
EndProject
Project("{9A19103F-16F7-4668-BE54-9A1E7A4F7556}") = "H6Game.Pay", "H6Game.Models\H6Game.Pay\H6Game.Pay.csproj", "{1F5B71CE-A326-480E-8B92-9751962EED49}"
EndProject
Project("{2150E333-8FDC-42A3-9474-1A3956D46DE8}") = "H6Game.Core", "H6Game.Core", "{D8ED7650-6CBA-4445-B9DF-7B6BD5B4886C}"
EndProject
Project("{9A19103F-16F7-4668-BE54-9A1E7A4F7556}") = "H6Game.Actor", "H6Game.Core\H6Game.Actor\H6Game.Actor.csproj", "{6ED404A7-6EC4-40FA-9BD6-ED6FA486FC46}"
	ProjectSection(ProjectDependencies) = postProject
		{08B68702-8132-4617-BEB5-286420E74944} = {08B68702-8132-4617-BEB5-286420E74944}
		{AE9A6DE4-D93A-4EEF-BECF-16E242E111D8} = {AE9A6DE4-D93A-4EEF-BECF-16E242E111D8}
	EndProjectSection
EndProject
Project("{9A19103F-16F7-4668-BE54-9A1E7A4F7556}") = "H6Game.Base", "H6Game.Core\H6Game.Base\H6Game.Base.csproj", "{AE9A6DE4-D93A-4EEF-BECF-16E242E111D8}"
	ProjectSection(ProjectDependencies) = postProject
		{AA139D1F-E279-45A4-8D5F-D9B556016F90} = {AA139D1F-E279-45A4-8D5F-D9B556016F90}
		{E523188B-5259-428B-857B-2EF4EEF2180F} = {E523188B-5259-428B-857B-2EF4EEF2180F}
		{D0C93D98-2CED-4E71-BF8B-9E13B41F10B1} = {D0C93D98-2CED-4E71-BF8B-9E13B41F10B1}
		{E2F45C9C-7DB6-4188-8399-FC3F1B82B56E} = {E2F45C9C-7DB6-4188-8399-FC3F1B82B56E}
		{32039CEC-94BD-4E98-B25D-DEA0F0DF0E99} = {32039CEC-94BD-4E98-B25D-DEA0F0DF0E99}
	EndProjectSection
EndProject
Project("{9A19103F-16F7-4668-BE54-9A1E7A4F7556}") = "H6Game.Hotfix", "H6Game.Core\H6Game.Hotfix\H6Game.Hotfix.csproj", "{08B68702-8132-4617-BEB5-286420E74944}"
	ProjectSection(ProjectDependencies) = postProject
		{AE9A6DE4-D93A-4EEF-BECF-16E242E111D8} = {AE9A6DE4-D93A-4EEF-BECF-16E242E111D8}
	EndProjectSection
EndProject
Project("{9A19103F-16F7-4668-BE54-9A1E7A4F7556}") = "H6Game.Rpository", "H6Game.Core\H6Game.Rpository\H6Game.Rpository.csproj", "{48795A7C-B5DC-4FF4-A715-91294371014E}"
	ProjectSection(ProjectDependencies) = postProject
		{08B68702-8132-4617-BEB5-286420E74944} = {08B68702-8132-4617-BEB5-286420E74944}
		{AE9A6DE4-D93A-4EEF-BECF-16E242E111D8} = {AE9A6DE4-D93A-4EEF-BECF-16E242E111D8}
	EndProjectSection
EndProject
Global
	GlobalSection(SolutionConfigurationPlatforms) = preSolution
		Debug|Any CPU = Debug|Any CPU
		Release|Any CPU = Release|Any CPU
	EndGlobalSection
	GlobalSection(ProjectConfigurationPlatforms) = postSolution
		{B6603A22-31C2-4B82-A3DB-410894B6A224}.Debug|Any CPU.ActiveCfg = Debug|Any CPU
		{B6603A22-31C2-4B82-A3DB-410894B6A224}.Debug|Any CPU.Build.0 = Debug|Any CPU
		{B6603A22-31C2-4B82-A3DB-410894B6A224}.Release|Any CPU.ActiveCfg = Release|Any CPU
		{B6603A22-31C2-4B82-A3DB-410894B6A224}.Release|Any CPU.Build.0 = Release|Any CPU
		{3850AF37-2A58-4270-BA85-D84724BF2BBB}.Debug|Any CPU.ActiveCfg = Debug|Any CPU
		{3850AF37-2A58-4270-BA85-D84724BF2BBB}.Debug|Any CPU.Build.0 = Debug|Any CPU
		{3850AF37-2A58-4270-BA85-D84724BF2BBB}.Release|Any CPU.ActiveCfg = Release|Any CPU
		{3850AF37-2A58-4270-BA85-D84724BF2BBB}.Release|Any CPU.Build.0 = Release|Any CPU
		{E2F45C9C-7DB6-4188-8399-FC3F1B82B56E}.Debug|Any CPU.ActiveCfg = Debug|Any CPU
		{E2F45C9C-7DB6-4188-8399-FC3F1B82B56E}.Debug|Any CPU.Build.0 = Debug|Any CPU
		{E2F45C9C-7DB6-4188-8399-FC3F1B82B56E}.Release|Any CPU.ActiveCfg = Release|Any CPU
		{E2F45C9C-7DB6-4188-8399-FC3F1B82B56E}.Release|Any CPU.Build.0 = Release|Any CPU
		{AA139D1F-E279-45A4-8D5F-D9B556016F90}.Debug|Any CPU.ActiveCfg = Debug|Any CPU
		{AA139D1F-E279-45A4-8D5F-D9B556016F90}.Debug|Any CPU.Build.0 = Debug|Any CPU
		{AA139D1F-E279-45A4-8D5F-D9B556016F90}.Release|Any CPU.ActiveCfg = Release|Any CPU
		{AA139D1F-E279-45A4-8D5F-D9B556016F90}.Release|Any CPU.Build.0 = Release|Any CPU
		{D0C93D98-2CED-4E71-BF8B-9E13B41F10B1}.Debug|Any CPU.ActiveCfg = Debug|Any CPU
		{D0C93D98-2CED-4E71-BF8B-9E13B41F10B1}.Debug|Any CPU.Build.0 = Debug|Any CPU
		{D0C93D98-2CED-4E71-BF8B-9E13B41F10B1}.Release|Any CPU.ActiveCfg = Release|Any CPU
		{D0C93D98-2CED-4E71-BF8B-9E13B41F10B1}.Release|Any CPU.Build.0 = Release|Any CPU
		{E523188B-5259-428B-857B-2EF4EEF2180F}.Debug|Any CPU.ActiveCfg = Debug|Any CPU
		{E523188B-5259-428B-857B-2EF4EEF2180F}.Debug|Any CPU.Build.0 = Debug|Any CPU
		{E523188B-5259-428B-857B-2EF4EEF2180F}.Release|Any CPU.ActiveCfg = Release|Any CPU
		{E523188B-5259-428B-857B-2EF4EEF2180F}.Release|Any CPU.Build.0 = Release|Any CPU
		{AD27E75C-3A58-44CB-80E9-1C89F9D913B9}.Debug|Any CPU.ActiveCfg = Debug|Any CPU
		{AD27E75C-3A58-44CB-80E9-1C89F9D913B9}.Debug|Any CPU.Build.0 = Debug|Any CPU
		{AD27E75C-3A58-44CB-80E9-1C89F9D913B9}.Release|Any CPU.ActiveCfg = Release|Any CPU
		{AD27E75C-3A58-44CB-80E9-1C89F9D913B9}.Release|Any CPU.Build.0 = Release|Any CPU
		{32039CEC-94BD-4E98-B25D-DEA0F0DF0E99}.Debug|Any CPU.ActiveCfg = Debug|Any CPU
		{32039CEC-94BD-4E98-B25D-DEA0F0DF0E99}.Debug|Any CPU.Build.0 = Debug|Any CPU
		{32039CEC-94BD-4E98-B25D-DEA0F0DF0E99}.Release|Any CPU.ActiveCfg = Release|Any CPU
		{32039CEC-94BD-4E98-B25D-DEA0F0DF0E99}.Release|Any CPU.Build.0 = Release|Any CPU
		{733B3765-3EE3-4416-B738-9C37C68121B8}.Debug|Any CPU.ActiveCfg = Debug|Any CPU
		{733B3765-3EE3-4416-B738-9C37C68121B8}.Debug|Any CPU.Build.0 = Debug|Any CPU
		{733B3765-3EE3-4416-B738-9C37C68121B8}.Release|Any CPU.ActiveCfg = Release|Any CPU
		{733B3765-3EE3-4416-B738-9C37C68121B8}.Release|Any CPU.Build.0 = Release|Any CPU
		{9134C3F6-6CE2-4544-8A67-B5A0DC35B7F1}.Debug|Any CPU.ActiveCfg = Debug|Any CPU
		{9134C3F6-6CE2-4544-8A67-B5A0DC35B7F1}.Debug|Any CPU.Build.0 = Debug|Any CPU
		{9134C3F6-6CE2-4544-8A67-B5A0DC35B7F1}.Release|Any CPU.ActiveCfg = Release|Any CPU
		{9134C3F6-6CE2-4544-8A67-B5A0DC35B7F1}.Release|Any CPU.Build.0 = Release|Any CPU
		{0361CCBA-F333-4FAF-B9AB-0589C600D485}.Debug|Any CPU.ActiveCfg = Debug|Any CPU
		{0361CCBA-F333-4FAF-B9AB-0589C600D485}.Debug|Any CPU.Build.0 = Debug|Any CPU
		{0361CCBA-F333-4FAF-B9AB-0589C600D485}.Release|Any CPU.ActiveCfg = Release|Any CPU
		{0361CCBA-F333-4FAF-B9AB-0589C600D485}.Release|Any CPU.Build.0 = Release|Any CPU
		{1CF0C878-2E0D-45D4-9B9F-1DF8B542B5A5}.Debug|Any CPU.ActiveCfg = Debug|Any CPU
		{1CF0C878-2E0D-45D4-9B9F-1DF8B542B5A5}.Debug|Any CPU.Build.0 = Debug|Any CPU
		{1CF0C878-2E0D-45D4-9B9F-1DF8B542B5A5}.Release|Any CPU.ActiveCfg = Release|Any CPU
		{1CF0C878-2E0D-45D4-9B9F-1DF8B542B5A5}.Release|Any CPU.Build.0 = Release|Any CPU
		{F8C2593B-CFCB-4E99-8B05-1615A5449A4F}.Debug|Any CPU.ActiveCfg = Debug|Any CPU
		{F8C2593B-CFCB-4E99-8B05-1615A5449A4F}.Debug|Any CPU.Build.0 = Debug|Any CPU
		{F8C2593B-CFCB-4E99-8B05-1615A5449A4F}.Release|Any CPU.ActiveCfg = Release|Any CPU
		{F8C2593B-CFCB-4E99-8B05-1615A5449A4F}.Release|Any CPU.Build.0 = Release|Any CPU
		{83AC1E22-95C6-4890-AC6E-754ED60340A5}.Debug|Any CPU.ActiveCfg = Debug|Any CPU
		{83AC1E22-95C6-4890-AC6E-754ED60340A5}.Debug|Any CPU.Build.0 = Debug|Any CPU
		{83AC1E22-95C6-4890-AC6E-754ED60340A5}.Release|Any CPU.ActiveCfg = Release|Any CPU
		{83AC1E22-95C6-4890-AC6E-754ED60340A5}.Release|Any CPU.Build.0 = Release|Any CPU
		{4BA0ECCE-4BDF-463C-97E6-11D2A5D518C3}.Debug|Any CPU.ActiveCfg = Debug|Any CPU
		{4BA0ECCE-4BDF-463C-97E6-11D2A5D518C3}.Debug|Any CPU.Build.0 = Debug|Any CPU
		{4BA0ECCE-4BDF-463C-97E6-11D2A5D518C3}.Release|Any CPU.ActiveCfg = Release|Any CPU
		{4BA0ECCE-4BDF-463C-97E6-11D2A5D518C3}.Release|Any CPU.Build.0 = Release|Any CPU
		{427E2BB4-9BAE-49FB-A55A-84553991F7DE}.Debug|Any CPU.ActiveCfg = Debug|Any CPU
		{427E2BB4-9BAE-49FB-A55A-84553991F7DE}.Debug|Any CPU.Build.0 = Debug|Any CPU
		{427E2BB4-9BAE-49FB-A55A-84553991F7DE}.Release|Any CPU.ActiveCfg = Release|Any CPU
		{427E2BB4-9BAE-49FB-A55A-84553991F7DE}.Release|Any CPU.Build.0 = Release|Any CPU
		{B21094BF-66CF-421F-A691-1F12D2B81161}.Debug|Any CPU.ActiveCfg = Debug|Any CPU
		{B21094BF-66CF-421F-A691-1F12D2B81161}.Debug|Any CPU.Build.0 = Debug|Any CPU
		{B21094BF-66CF-421F-A691-1F12D2B81161}.Release|Any CPU.ActiveCfg = Release|Any CPU
		{B21094BF-66CF-421F-A691-1F12D2B81161}.Release|Any CPU.Build.0 = Release|Any CPU
		{8AB0C28C-255B-40B8-8EBF-69A1F2681A9D}.Debug|Any CPU.ActiveCfg = Debug|Any CPU
		{8AB0C28C-255B-40B8-8EBF-69A1F2681A9D}.Debug|Any CPU.Build.0 = Debug|Any CPU
		{8AB0C28C-255B-40B8-8EBF-69A1F2681A9D}.Release|Any CPU.ActiveCfg = Release|Any CPU
		{8AB0C28C-255B-40B8-8EBF-69A1F2681A9D}.Release|Any CPU.Build.0 = Release|Any CPU
		{4584214F-C224-495D-B9BE-17B9F124F3FF}.Debug|Any CPU.ActiveCfg = Debug|Any CPU
		{4584214F-C224-495D-B9BE-17B9F124F3FF}.Debug|Any CPU.Build.0 = Debug|Any CPU
		{4584214F-C224-495D-B9BE-17B9F124F3FF}.Release|Any CPU.ActiveCfg = Release|Any CPU
		{4584214F-C224-495D-B9BE-17B9F124F3FF}.Release|Any CPU.Build.0 = Release|Any CPU
		{E3F49039-8B0E-48CD-963C-6E46FB2275BC}.Debug|Any CPU.ActiveCfg = Debug|Any CPU
		{E3F49039-8B0E-48CD-963C-6E46FB2275BC}.Debug|Any CPU.Build.0 = Debug|Any CPU
		{E3F49039-8B0E-48CD-963C-6E46FB2275BC}.Release|Any CPU.ActiveCfg = Release|Any CPU
		{E3F49039-8B0E-48CD-963C-6E46FB2275BC}.Release|Any CPU.Build.0 = Release|Any CPU
		{299844AC-8AD4-4436-8751-88F214699BD7}.Debug|Any CPU.ActiveCfg = Debug|Any CPU
		{299844AC-8AD4-4436-8751-88F214699BD7}.Debug|Any CPU.Build.0 = Debug|Any CPU
		{299844AC-8AD4-4436-8751-88F214699BD7}.Release|Any CPU.ActiveCfg = Release|Any CPU
		{299844AC-8AD4-4436-8751-88F214699BD7}.Release|Any CPU.Build.0 = Release|Any CPU
		{1F5B71CE-A326-480E-8B92-9751962EED49}.Debug|Any CPU.ActiveCfg = Debug|Any CPU
		{1F5B71CE-A326-480E-8B92-9751962EED49}.Debug|Any CPU.Build.0 = Debug|Any CPU
		{1F5B71CE-A326-480E-8B92-9751962EED49}.Release|Any CPU.ActiveCfg = Release|Any CPU
		{1F5B71CE-A326-480E-8B92-9751962EED49}.Release|Any CPU.Build.0 = Release|Any CPU
		{6ED404A7-6EC4-40FA-9BD6-ED6FA486FC46}.Debug|Any CPU.ActiveCfg = Debug|Any CPU
		{6ED404A7-6EC4-40FA-9BD6-ED6FA486FC46}.Debug|Any CPU.Build.0 = Debug|Any CPU
		{6ED404A7-6EC4-40FA-9BD6-ED6FA486FC46}.Release|Any CPU.ActiveCfg = Release|Any CPU
		{6ED404A7-6EC4-40FA-9BD6-ED6FA486FC46}.Release|Any CPU.Build.0 = Release|Any CPU
		{AE9A6DE4-D93A-4EEF-BECF-16E242E111D8}.Debug|Any CPU.ActiveCfg = Debug|Any CPU
		{AE9A6DE4-D93A-4EEF-BECF-16E242E111D8}.Debug|Any CPU.Build.0 = Debug|Any CPU
		{AE9A6DE4-D93A-4EEF-BECF-16E242E111D8}.Release|Any CPU.ActiveCfg = Release|Any CPU
		{AE9A6DE4-D93A-4EEF-BECF-16E242E111D8}.Release|Any CPU.Build.0 = Release|Any CPU
		{08B68702-8132-4617-BEB5-286420E74944}.Debug|Any CPU.ActiveCfg = Debug|Any CPU
		{08B68702-8132-4617-BEB5-286420E74944}.Debug|Any CPU.Build.0 = Debug|Any CPU
		{08B68702-8132-4617-BEB5-286420E74944}.Release|Any CPU.ActiveCfg = Release|Any CPU
		{08B68702-8132-4617-BEB5-286420E74944}.Release|Any CPU.Build.0 = Release|Any CPU
		{48795A7C-B5DC-4FF4-A715-91294371014E}.Debug|Any CPU.ActiveCfg = Debug|Any CPU
		{48795A7C-B5DC-4FF4-A715-91294371014E}.Debug|Any CPU.Build.0 = Debug|Any CPU
		{48795A7C-B5DC-4FF4-A715-91294371014E}.Release|Any CPU.ActiveCfg = Release|Any CPU
		{48795A7C-B5DC-4FF4-A715-91294371014E}.Release|Any CPU.Build.0 = Release|Any CPU
	EndGlobalSection
	GlobalSection(SolutionProperties) = preSolution
		HideSolutionNode = FALSE
	EndGlobalSection
	GlobalSection(NestedProjects) = preSolution
		{B6603A22-31C2-4B82-A3DB-410894B6A224} = {D44EC1DD-AD19-4F8F-9B57-08CA9B6AD2FA}
		{E2F45C9C-7DB6-4188-8399-FC3F1B82B56E} = {61168F8B-A28A-4F04-88F8-022352849042}
		{90EB09CC-9D97-4C73-9804-3BB43502C85A} = {61168F8B-A28A-4F04-88F8-022352849042}
		{AA139D1F-E279-45A4-8D5F-D9B556016F90} = {90EB09CC-9D97-4C73-9804-3BB43502C85A}
		{D0C93D98-2CED-4E71-BF8B-9E13B41F10B1} = {90EB09CC-9D97-4C73-9804-3BB43502C85A}
		{E523188B-5259-428B-857B-2EF4EEF2180F} = {90EB09CC-9D97-4C73-9804-3BB43502C85A}
		{AD27E75C-3A58-44CB-80E9-1C89F9D913B9} = {90EB09CC-9D97-4C73-9804-3BB43502C85A}
		{32039CEC-94BD-4E98-B25D-DEA0F0DF0E99} = {90EB09CC-9D97-4C73-9804-3BB43502C85A}
		{733B3765-3EE3-4416-B738-9C37C68121B8} = {D44EC1DD-AD19-4F8F-9B57-08CA9B6AD2FA}
		{9134C3F6-6CE2-4544-8A67-B5A0DC35B7F1} = {D44EC1DD-AD19-4F8F-9B57-08CA9B6AD2FA}
		{0361CCBA-F333-4FAF-B9AB-0589C600D485} = {D44EC1DD-AD19-4F8F-9B57-08CA9B6AD2FA}
		{1CF0C878-2E0D-45D4-9B9F-1DF8B542B5A5} = {D44EC1DD-AD19-4F8F-9B57-08CA9B6AD2FA}
		{F8C2593B-CFCB-4E99-8B05-1615A5449A4F} = {D44EC1DD-AD19-4F8F-9B57-08CA9B6AD2FA}
		{83AC1E22-95C6-4890-AC6E-754ED60340A5} = {D44EC1DD-AD19-4F8F-9B57-08CA9B6AD2FA}
		{4BA0ECCE-4BDF-463C-97E6-11D2A5D518C3} = {D44EC1DD-AD19-4F8F-9B57-08CA9B6AD2FA}
		{427E2BB4-9BAE-49FB-A55A-84553991F7DE} = {D44EC1DD-AD19-4F8F-9B57-08CA9B6AD2FA}
		{B21094BF-66CF-421F-A691-1F12D2B81161} = {D44EC1DD-AD19-4F8F-9B57-08CA9B6AD2FA}
		{8AB0C28C-255B-40B8-8EBF-69A1F2681A9D} = {D44EC1DD-AD19-4F8F-9B57-08CA9B6AD2FA}
		{4584214F-C224-495D-B9BE-17B9F124F3FF} = {544F8B30-EC41-407D-B91D-95EE241F885F}
		{E3F49039-8B0E-48CD-963C-6E46FB2275BC} = {544F8B30-EC41-407D-B91D-95EE241F885F}
		{299844AC-8AD4-4436-8751-88F214699BD7} = {544F8B30-EC41-407D-B91D-95EE241F885F}
		{1F5B71CE-A326-480E-8B92-9751962EED49} = {544F8B30-EC41-407D-B91D-95EE241F885F}
		{6ED404A7-6EC4-40FA-9BD6-ED6FA486FC46} = {D8ED7650-6CBA-4445-B9DF-7B6BD5B4886C}
		{AE9A6DE4-D93A-4EEF-BECF-16E242E111D8} = {D8ED7650-6CBA-4445-B9DF-7B6BD5B4886C}
		{08B68702-8132-4617-BEB5-286420E74944} = {D8ED7650-6CBA-4445-B9DF-7B6BD5B4886C}
		{48795A7C-B5DC-4FF4-A715-91294371014E} = {D8ED7650-6CBA-4445-B9DF-7B6BD5B4886C}
	EndGlobalSection
	GlobalSection(ExtensibilityGlobals) = postSolution
		SolutionGuid = {9256E0EA-B7B6-467E-888A-9A55B18CEB05}
	EndGlobalSection
EndGlobal
