
Microsoft Visual Studio Solution File, Format Version 12.00
# Visual Studio 15
VisualStudioVersion = 15.0.27703.2042
MinimumVisualStudioVersion = 10.0.40219.1
Project("{2150E333-8FDC-42A3-9474-1A3956D46DE8}") = "H6Game.Models", "H6Game.Models", "{544F8B30-EC41-407D-B91D-95EE241F885F}"
EndProject
Project("{9A19103F-16F7-4668-BE54-9A1E7A4F7556}") = "H6Game.Entitys", "H6Game.Entitys\H6Game.Entitys.csproj", "{B402DC7D-6384-4C0A-B2ED-A408D0B409D4}"
EndProject
Project("{9A19103F-16F7-4668-BE54-9A1E7A4F7556}") = "H6Game.Message", "H6Game.Message\H6Game.Message.csproj", "{8F854D1B-D001-4E54-B295-916E88F590C7}"
	ProjectSection(ProjectDependencies) = postProject
		{E2F45C9C-7DB6-4188-8399-FC3F1B82B56E} = {E2F45C9C-7DB6-4188-8399-FC3F1B82B56E}
		{4A3D019F-1611-489D-8A0B-432A3FA9F7DD} = {4A3D019F-1611-489D-8A0B-432A3FA9F7DD}
	EndProjectSection
EndProject
Project("{9A19103F-16F7-4668-BE54-9A1E7A4F7556}") = "H6Game.Account.Model", "H6Game.Models\H6Game.Account.Model\H6Game.Account.Model.csproj", "{7A89AB8F-3878-4D34-BD2F-6291C1749791}"
EndProject
Project("{9A19103F-16F7-4668-BE54-9A1E7A4F7556}") = "H6Game.Game.Model", "H6Game.Models\H6Game.Game.Model\H6Game.Game.Model.csproj", "{7E5E99A8-A52D-4D9C-8322-7CEEECAF1B50}"
EndProject
Project("{9A19103F-16F7-4668-BE54-9A1E7A4F7556}") = "H6Game.Gate.Model", "H6Game.Models\H6Game.Gate.Model\H6Game.Gate.Model.csproj", "{4854822F-A4F2-4CAC-AD6D-C41F639276EE}"
EndProject
Project("{9A19103F-16F7-4668-BE54-9A1E7A4F7556}") = "H6Game.Login.Model", "H6Game.Models\H6Game.Login.Model\H6Game.Login.Model.csproj", "{6631D789-6D8C-4FD1-95FD-08D5E43A1421}"
EndProject
Project("{9A19103F-16F7-4668-BE54-9A1E7A4F7556}") = "H6Game.Pay.Model", "H6Game.Models\H6Game.Pay.Model\H6Game.Pay.Model.csproj", "{F8470C7B-9B92-4A34-8556-CACDEC363F43}"
EndProject
Project("{2150E333-8FDC-42A3-9474-1A3956D46DE8}") = "H6Game.Test", "H6Game.Test", "{D44EC1DD-AD19-4F8F-9B57-08CA9B6AD2FA}"
EndProject
Project("{9A19103F-16F7-4668-BE54-9A1E7A4F7556}") = "H6Game.BaseTest", "H6Game.Test\H6Game.BaseTest\H6Game.BaseTest.csproj", "{B6603A22-31C2-4B82-A3DB-410894B6A224}"
	ProjectSection(ProjectDependencies) = postProject
		{8F854D1B-D001-4E54-B295-916E88F590C7} = {8F854D1B-D001-4E54-B295-916E88F590C7}
		{25A0602D-0BE2-4850-B5D8-897BAF371B50} = {25A0602D-0BE2-4850-B5D8-897BAF371B50}
	EndProjectSection
EndProject
Project("{9A19103F-16F7-4668-BE54-9A1E7A4F7556}") = "H6Game.Base", "H6Game.Base\H6Game.Base.csproj", "{25A0602D-0BE2-4850-B5D8-897BAF371B50}"
	ProjectSection(ProjectDependencies) = postProject
		{8F854D1B-D001-4E54-B295-916E88F590C7} = {8F854D1B-D001-4E54-B295-916E88F590C7}
		{B402DC7D-6384-4C0A-B2ED-A408D0B409D4} = {B402DC7D-6384-4C0A-B2ED-A408D0B409D4}
		{E2F45C9C-7DB6-4188-8399-FC3F1B82B56E} = {E2F45C9C-7DB6-4188-8399-FC3F1B82B56E}
		{4A3D019F-1611-489D-8A0B-432A3FA9F7DD} = {4A3D019F-1611-489D-8A0B-432A3FA9F7DD}
		{94C5D4A7-B307-41F9-9A24-57CEDD14B05C} = {94C5D4A7-B307-41F9-9A24-57CEDD14B05C}
		{CFC9BEFE-4777-4B87-AEC0-4900CC589271} = {CFC9BEFE-4777-4B87-AEC0-4900CC589271}
	EndProjectSection
EndProject
Project("{FAE04EC0-301F-11D3-BF4B-00C04F79EFBC}") = "TestTcpClient", "H6Game.Test\TestTcpClient\TestTcpClient.csproj", "{0FF1BA90-3007-4464-8530-CA5F56D0E4B8}"
	ProjectSection(ProjectDependencies) = postProject
		{8F854D1B-D001-4E54-B295-916E88F590C7} = {8F854D1B-D001-4E54-B295-916E88F590C7}
		{25A0602D-0BE2-4850-B5D8-897BAF371B50} = {25A0602D-0BE2-4850-B5D8-897BAF371B50}
	EndProjectSection
EndProject
Project("{FAE04EC0-301F-11D3-BF4B-00C04F79EFBC}") = "TestTcpServer", "TestTcpServer\TestTcpServer.csproj", "{930EB7F4-7E8C-4A05-9BD7-E8A68E1325BF}"
	ProjectSection(ProjectDependencies) = postProject
		{8F854D1B-D001-4E54-B295-916E88F590C7} = {8F854D1B-D001-4E54-B295-916E88F590C7}
		{25A0602D-0BE2-4850-B5D8-897BAF371B50} = {25A0602D-0BE2-4850-B5D8-897BAF371B50}
	EndProjectSection
EndProject
Project("{9A19103F-16F7-4668-BE54-9A1E7A4F7556}") = "Tester", "H6Game.Test\Tester\Tester.csproj", "{27CB7D40-C64E-4AD6-A716-F3257E3E1D2F}"
EndProject
Project("{FAE04EC0-301F-11D3-BF4B-00C04F79EFBC}") = "TestDistributed", "H6Game.Test\TestDistributed\TestDistributed.csproj", "{733B3765-3EE3-4416-B738-9C37C68121B8}"
	ProjectSection(ProjectDependencies) = postProject
		{8F854D1B-D001-4E54-B295-916E88F590C7} = {8F854D1B-D001-4E54-B295-916E88F590C7}
		{25A0602D-0BE2-4850-B5D8-897BAF371B50} = {25A0602D-0BE2-4850-B5D8-897BAF371B50}
		{B402DC7D-6384-4C0A-B2ED-A408D0B409D4} = {B402DC7D-6384-4C0A-B2ED-A408D0B409D4}
	EndProjectSection
EndProject
Project("{9A19103F-16F7-4668-BE54-9A1E7A4F7556}") = "ServerApp", "Server\ServerApp\ServerApp.csproj", "{3850AF37-2A58-4270-BA85-D84724BF2BBB}"
EndProject
Project("{FAE04EC0-301F-11D3-BF4B-00C04F79EFBC}") = "TestGServer", "H6Game.Test\TestGServer\TestGServer.csproj", "{F8C2593B-CFCB-4E99-8B05-1615A5449A4F}"
	ProjectSection(ProjectDependencies) = postProject
		{8F854D1B-D001-4E54-B295-916E88F590C7} = {8F854D1B-D001-4E54-B295-916E88F590C7}
		{25A0602D-0BE2-4850-B5D8-897BAF371B50} = {25A0602D-0BE2-4850-B5D8-897BAF371B50}
	EndProjectSection
EndProject
Project("{FAE04EC0-301F-11D3-BF4B-00C04F79EFBC}") = "TestGClient", "H6Game.Test\TestGClient\TestGClient.csproj", "{1CF0C878-2E0D-45D4-9B9F-1DF8B542B5A5}"
	ProjectSection(ProjectDependencies) = postProject
		{8F854D1B-D001-4E54-B295-916E88F590C7} = {8F854D1B-D001-4E54-B295-916E88F590C7}
		{25A0602D-0BE2-4850-B5D8-897BAF371B50} = {25A0602D-0BE2-4850-B5D8-897BAF371B50}
	EndProjectSection
EndProject
Project("{2150E333-8FDC-42A3-9474-1A3956D46DE8}") = "ThirdParty", "ThirdParty", "{61168F8B-A28A-4F04-88F8-022352849042}"
EndProject
Project("{9A19103F-16F7-4668-BE54-9A1E7A4F7556}") = "Google.Protobuf", "ThirdParty\Google.Protobuf\Google.Protobuf.csproj", "{E2F45C9C-7DB6-4188-8399-FC3F1B82B56E}"
EndProject
Project("{9A19103F-16F7-4668-BE54-9A1E7A4F7556}") = "MongoDB.Bson", "ThirdParty\MongodbDriver\DotNetCoreDriver\MongoDB.Bson\MongoDB.Bson.csproj", "{4A3D019F-1611-489D-8A0B-432A3FA9F7DD}"
EndProject
Project("{9A19103F-16F7-4668-BE54-9A1E7A4F7556}") = "MongoDB.Driver", "ThirdParty\MongodbDriver\DotNetCoreDriver\MongoDB.Driver\MongoDB.Driver.csproj", "{94C5D4A7-B307-41F9-9A24-57CEDD14B05C}"
EndProject
Project("{9A19103F-16F7-4668-BE54-9A1E7A4F7556}") = "MongoDB.Driver.Core", "ThirdParty\MongodbDriver\DotNetCoreDriver\MongoDB.Driver.Core\MongoDB.Driver.Core.csproj", "{CFC9BEFE-4777-4B87-AEC0-4900CC589271}"
EndProject
Project("{FAE04EC0-301F-11D3-BF4B-00C04F79EFBC}") = "TestMogodb", "H6Game.Test\TestMogodb\TestMogodb.csproj", "{0361CCBA-F333-4FAF-B9AB-0589C600D485}"
	ProjectSection(ProjectDependencies) = postProject
		{8F854D1B-D001-4E54-B295-916E88F590C7} = {8F854D1B-D001-4E54-B295-916E88F590C7}
		{25A0602D-0BE2-4850-B5D8-897BAF371B50} = {25A0602D-0BE2-4850-B5D8-897BAF371B50}
		{B402DC7D-6384-4C0A-B2ED-A408D0B409D4} = {B402DC7D-6384-4C0A-B2ED-A408D0B409D4}
		{E2F45C9C-7DB6-4188-8399-FC3F1B82B56E} = {E2F45C9C-7DB6-4188-8399-FC3F1B82B56E}
		{4A3D019F-1611-489D-8A0B-432A3FA9F7DD} = {4A3D019F-1611-489D-8A0B-432A3FA9F7DD}
		{94C5D4A7-B307-41F9-9A24-57CEDD14B05C} = {94C5D4A7-B307-41F9-9A24-57CEDD14B05C}
		{CFC9BEFE-4777-4B87-AEC0-4900CC589271} = {CFC9BEFE-4777-4B87-AEC0-4900CC589271}
	EndProjectSection
EndProject
Project("{FAE04EC0-301F-11D3-BF4B-00C04F79EFBC}") = "TestBson", "TestBson\TestBson.csproj", "{2EEF1326-544B-4B7A-B168-9B013C1C1335}"
EndProject
Global
	GlobalSection(SolutionConfigurationPlatforms) = preSolution
		Debug|Any CPU = Debug|Any CPU
		Release|Any CPU = Release|Any CPU
	EndGlobalSection
	GlobalSection(ProjectConfigurationPlatforms) = postSolution
		{B402DC7D-6384-4C0A-B2ED-A408D0B409D4}.Debug|Any CPU.ActiveCfg = Debug|Any CPU
		{B402DC7D-6384-4C0A-B2ED-A408D0B409D4}.Debug|Any CPU.Build.0 = Debug|Any CPU
		{B402DC7D-6384-4C0A-B2ED-A408D0B409D4}.Release|Any CPU.ActiveCfg = Release|Any CPU
		{B402DC7D-6384-4C0A-B2ED-A408D0B409D4}.Release|Any CPU.Build.0 = Release|Any CPU
		{8F854D1B-D001-4E54-B295-916E88F590C7}.Debug|Any CPU.ActiveCfg = Debug|Any CPU
		{8F854D1B-D001-4E54-B295-916E88F590C7}.Debug|Any CPU.Build.0 = Debug|Any CPU
		{8F854D1B-D001-4E54-B295-916E88F590C7}.Release|Any CPU.ActiveCfg = Release|Any CPU
		{8F854D1B-D001-4E54-B295-916E88F590C7}.Release|Any CPU.Build.0 = Release|Any CPU
		{7A89AB8F-3878-4D34-BD2F-6291C1749791}.Debug|Any CPU.ActiveCfg = Debug|Any CPU
		{7A89AB8F-3878-4D34-BD2F-6291C1749791}.Debug|Any CPU.Build.0 = Debug|Any CPU
		{7A89AB8F-3878-4D34-BD2F-6291C1749791}.Release|Any CPU.ActiveCfg = Release|Any CPU
		{7A89AB8F-3878-4D34-BD2F-6291C1749791}.Release|Any CPU.Build.0 = Release|Any CPU
		{7E5E99A8-A52D-4D9C-8322-7CEEECAF1B50}.Debug|Any CPU.ActiveCfg = Debug|Any CPU
		{7E5E99A8-A52D-4D9C-8322-7CEEECAF1B50}.Debug|Any CPU.Build.0 = Debug|Any CPU
		{7E5E99A8-A52D-4D9C-8322-7CEEECAF1B50}.Release|Any CPU.ActiveCfg = Release|Any CPU
		{7E5E99A8-A52D-4D9C-8322-7CEEECAF1B50}.Release|Any CPU.Build.0 = Release|Any CPU
		{4854822F-A4F2-4CAC-AD6D-C41F639276EE}.Debug|Any CPU.ActiveCfg = Debug|Any CPU
		{4854822F-A4F2-4CAC-AD6D-C41F639276EE}.Debug|Any CPU.Build.0 = Debug|Any CPU
		{4854822F-A4F2-4CAC-AD6D-C41F639276EE}.Release|Any CPU.ActiveCfg = Release|Any CPU
		{4854822F-A4F2-4CAC-AD6D-C41F639276EE}.Release|Any CPU.Build.0 = Release|Any CPU
		{6631D789-6D8C-4FD1-95FD-08D5E43A1421}.Debug|Any CPU.ActiveCfg = Debug|Any CPU
		{6631D789-6D8C-4FD1-95FD-08D5E43A1421}.Debug|Any CPU.Build.0 = Debug|Any CPU
		{6631D789-6D8C-4FD1-95FD-08D5E43A1421}.Release|Any CPU.ActiveCfg = Release|Any CPU
		{6631D789-6D8C-4FD1-95FD-08D5E43A1421}.Release|Any CPU.Build.0 = Release|Any CPU
		{F8470C7B-9B92-4A34-8556-CACDEC363F43}.Debug|Any CPU.ActiveCfg = Debug|Any CPU
		{F8470C7B-9B92-4A34-8556-CACDEC363F43}.Debug|Any CPU.Build.0 = Debug|Any CPU
		{F8470C7B-9B92-4A34-8556-CACDEC363F43}.Release|Any CPU.ActiveCfg = Release|Any CPU
		{F8470C7B-9B92-4A34-8556-CACDEC363F43}.Release|Any CPU.Build.0 = Release|Any CPU
		{B6603A22-31C2-4B82-A3DB-410894B6A224}.Debug|Any CPU.ActiveCfg = Debug|Any CPU
		{B6603A22-31C2-4B82-A3DB-410894B6A224}.Debug|Any CPU.Build.0 = Debug|Any CPU
		{B6603A22-31C2-4B82-A3DB-410894B6A224}.Release|Any CPU.ActiveCfg = Release|Any CPU
		{B6603A22-31C2-4B82-A3DB-410894B6A224}.Release|Any CPU.Build.0 = Release|Any CPU
		{25A0602D-0BE2-4850-B5D8-897BAF371B50}.Debug|Any CPU.ActiveCfg = Debug|Any CPU
		{25A0602D-0BE2-4850-B5D8-897BAF371B50}.Debug|Any CPU.Build.0 = Debug|Any CPU
		{25A0602D-0BE2-4850-B5D8-897BAF371B50}.Release|Any CPU.ActiveCfg = Release|Any CPU
		{25A0602D-0BE2-4850-B5D8-897BAF371B50}.Release|Any CPU.Build.0 = Release|Any CPU
		{0FF1BA90-3007-4464-8530-CA5F56D0E4B8}.Debug|Any CPU.ActiveCfg = Debug|Any CPU
		{0FF1BA90-3007-4464-8530-CA5F56D0E4B8}.Debug|Any CPU.Build.0 = Debug|Any CPU
		{0FF1BA90-3007-4464-8530-CA5F56D0E4B8}.Release|Any CPU.ActiveCfg = Release|Any CPU
		{0FF1BA90-3007-4464-8530-CA5F56D0E4B8}.Release|Any CPU.Build.0 = Release|Any CPU
		{930EB7F4-7E8C-4A05-9BD7-E8A68E1325BF}.Debug|Any CPU.ActiveCfg = Debug|Any CPU
		{930EB7F4-7E8C-4A05-9BD7-E8A68E1325BF}.Debug|Any CPU.Build.0 = Debug|Any CPU
		{930EB7F4-7E8C-4A05-9BD7-E8A68E1325BF}.Release|Any CPU.ActiveCfg = Release|Any CPU
		{930EB7F4-7E8C-4A05-9BD7-E8A68E1325BF}.Release|Any CPU.Build.0 = Release|Any CPU
		{27CB7D40-C64E-4AD6-A716-F3257E3E1D2F}.Debug|Any CPU.ActiveCfg = Debug|Any CPU
		{27CB7D40-C64E-4AD6-A716-F3257E3E1D2F}.Debug|Any CPU.Build.0 = Debug|Any CPU
		{27CB7D40-C64E-4AD6-A716-F3257E3E1D2F}.Release|Any CPU.ActiveCfg = Release|Any CPU
		{27CB7D40-C64E-4AD6-A716-F3257E3E1D2F}.Release|Any CPU.Build.0 = Release|Any CPU
		{733B3765-3EE3-4416-B738-9C37C68121B8}.Debug|Any CPU.ActiveCfg = Debug|Any CPU
		{733B3765-3EE3-4416-B738-9C37C68121B8}.Debug|Any CPU.Build.0 = Debug|Any CPU
		{733B3765-3EE3-4416-B738-9C37C68121B8}.Release|Any CPU.ActiveCfg = Release|Any CPU
		{733B3765-3EE3-4416-B738-9C37C68121B8}.Release|Any CPU.Build.0 = Release|Any CPU
		{3850AF37-2A58-4270-BA85-D84724BF2BBB}.Debug|Any CPU.ActiveCfg = Debug|Any CPU
		{3850AF37-2A58-4270-BA85-D84724BF2BBB}.Debug|Any CPU.Build.0 = Debug|Any CPU
		{3850AF37-2A58-4270-BA85-D84724BF2BBB}.Release|Any CPU.ActiveCfg = Release|Any CPU
		{3850AF37-2A58-4270-BA85-D84724BF2BBB}.Release|Any CPU.Build.0 = Release|Any CPU
		{F8C2593B-CFCB-4E99-8B05-1615A5449A4F}.Debug|Any CPU.ActiveCfg = Debug|Any CPU
		{F8C2593B-CFCB-4E99-8B05-1615A5449A4F}.Debug|Any CPU.Build.0 = Debug|Any CPU
		{F8C2593B-CFCB-4E99-8B05-1615A5449A4F}.Release|Any CPU.ActiveCfg = Release|Any CPU
		{F8C2593B-CFCB-4E99-8B05-1615A5449A4F}.Release|Any CPU.Build.0 = Release|Any CPU
		{1CF0C878-2E0D-45D4-9B9F-1DF8B542B5A5}.Debug|Any CPU.ActiveCfg = Debug|Any CPU
		{1CF0C878-2E0D-45D4-9B9F-1DF8B542B5A5}.Debug|Any CPU.Build.0 = Debug|Any CPU
		{1CF0C878-2E0D-45D4-9B9F-1DF8B542B5A5}.Release|Any CPU.ActiveCfg = Release|Any CPU
		{1CF0C878-2E0D-45D4-9B9F-1DF8B542B5A5}.Release|Any CPU.Build.0 = Release|Any CPU
		{E2F45C9C-7DB6-4188-8399-FC3F1B82B56E}.Debug|Any CPU.ActiveCfg = Debug|Any CPU
		{E2F45C9C-7DB6-4188-8399-FC3F1B82B56E}.Debug|Any CPU.Build.0 = Debug|Any CPU
		{E2F45C9C-7DB6-4188-8399-FC3F1B82B56E}.Release|Any CPU.ActiveCfg = Release|Any CPU
		{E2F45C9C-7DB6-4188-8399-FC3F1B82B56E}.Release|Any CPU.Build.0 = Release|Any CPU
		{4A3D019F-1611-489D-8A0B-432A3FA9F7DD}.Debug|Any CPU.ActiveCfg = Debug|Any CPU
		{4A3D019F-1611-489D-8A0B-432A3FA9F7DD}.Debug|Any CPU.Build.0 = Debug|Any CPU
		{4A3D019F-1611-489D-8A0B-432A3FA9F7DD}.Release|Any CPU.ActiveCfg = Release|Any CPU
		{4A3D019F-1611-489D-8A0B-432A3FA9F7DD}.Release|Any CPU.Build.0 = Release|Any CPU
		{94C5D4A7-B307-41F9-9A24-57CEDD14B05C}.Debug|Any CPU.ActiveCfg = Debug|Any CPU
		{94C5D4A7-B307-41F9-9A24-57CEDD14B05C}.Debug|Any CPU.Build.0 = Debug|Any CPU
		{94C5D4A7-B307-41F9-9A24-57CEDD14B05C}.Release|Any CPU.ActiveCfg = Release|Any CPU
		{94C5D4A7-B307-41F9-9A24-57CEDD14B05C}.Release|Any CPU.Build.0 = Release|Any CPU
		{CFC9BEFE-4777-4B87-AEC0-4900CC589271}.Debug|Any CPU.ActiveCfg = Debug|Any CPU
		{CFC9BEFE-4777-4B87-AEC0-4900CC589271}.Debug|Any CPU.Build.0 = Debug|Any CPU
		{CFC9BEFE-4777-4B87-AEC0-4900CC589271}.Release|Any CPU.ActiveCfg = Release|Any CPU
		{CFC9BEFE-4777-4B87-AEC0-4900CC589271}.Release|Any CPU.Build.0 = Release|Any CPU
		{0361CCBA-F333-4FAF-B9AB-0589C600D485}.Debug|Any CPU.ActiveCfg = Debug|Any CPU
		{0361CCBA-F333-4FAF-B9AB-0589C600D485}.Debug|Any CPU.Build.0 = Debug|Any CPU
		{0361CCBA-F333-4FAF-B9AB-0589C600D485}.Release|Any CPU.ActiveCfg = Release|Any CPU
		{0361CCBA-F333-4FAF-B9AB-0589C600D485}.Release|Any CPU.Build.0 = Release|Any CPU
		{2EEF1326-544B-4B7A-B168-9B013C1C1335}.Debug|Any CPU.ActiveCfg = Debug|Any CPU
		{2EEF1326-544B-4B7A-B168-9B013C1C1335}.Debug|Any CPU.Build.0 = Debug|Any CPU
		{2EEF1326-544B-4B7A-B168-9B013C1C1335}.Release|Any CPU.ActiveCfg = Release|Any CPU
		{2EEF1326-544B-4B7A-B168-9B013C1C1335}.Release|Any CPU.Build.0 = Release|Any CPU
	EndGlobalSection
	GlobalSection(SolutionProperties) = preSolution
		HideSolutionNode = FALSE
	EndGlobalSection
	GlobalSection(NestedProjects) = preSolution
		{7A89AB8F-3878-4D34-BD2F-6291C1749791} = {544F8B30-EC41-407D-B91D-95EE241F885F}
		{7E5E99A8-A52D-4D9C-8322-7CEEECAF1B50} = {544F8B30-EC41-407D-B91D-95EE241F885F}
		{4854822F-A4F2-4CAC-AD6D-C41F639276EE} = {544F8B30-EC41-407D-B91D-95EE241F885F}
		{6631D789-6D8C-4FD1-95FD-08D5E43A1421} = {544F8B30-EC41-407D-B91D-95EE241F885F}
		{F8470C7B-9B92-4A34-8556-CACDEC363F43} = {544F8B30-EC41-407D-B91D-95EE241F885F}
		{B6603A22-31C2-4B82-A3DB-410894B6A224} = {D44EC1DD-AD19-4F8F-9B57-08CA9B6AD2FA}
		{0FF1BA90-3007-4464-8530-CA5F56D0E4B8} = {D44EC1DD-AD19-4F8F-9B57-08CA9B6AD2FA}
		{930EB7F4-7E8C-4A05-9BD7-E8A68E1325BF} = {D44EC1DD-AD19-4F8F-9B57-08CA9B6AD2FA}
		{27CB7D40-C64E-4AD6-A716-F3257E3E1D2F} = {D44EC1DD-AD19-4F8F-9B57-08CA9B6AD2FA}
		{733B3765-3EE3-4416-B738-9C37C68121B8} = {D44EC1DD-AD19-4F8F-9B57-08CA9B6AD2FA}
		{F8C2593B-CFCB-4E99-8B05-1615A5449A4F} = {D44EC1DD-AD19-4F8F-9B57-08CA9B6AD2FA}
		{1CF0C878-2E0D-45D4-9B9F-1DF8B542B5A5} = {D44EC1DD-AD19-4F8F-9B57-08CA9B6AD2FA}
		{E2F45C9C-7DB6-4188-8399-FC3F1B82B56E} = {61168F8B-A28A-4F04-88F8-022352849042}
		{4A3D019F-1611-489D-8A0B-432A3FA9F7DD} = {61168F8B-A28A-4F04-88F8-022352849042}
		{94C5D4A7-B307-41F9-9A24-57CEDD14B05C} = {61168F8B-A28A-4F04-88F8-022352849042}
		{CFC9BEFE-4777-4B87-AEC0-4900CC589271} = {61168F8B-A28A-4F04-88F8-022352849042}
		{0361CCBA-F333-4FAF-B9AB-0589C600D485} = {D44EC1DD-AD19-4F8F-9B57-08CA9B6AD2FA}
		{2EEF1326-544B-4B7A-B168-9B013C1C1335} = {D44EC1DD-AD19-4F8F-9B57-08CA9B6AD2FA}
	EndGlobalSection
	GlobalSection(ExtensibilityGlobals) = postSolution
		SolutionGuid = {9256E0EA-B7B6-467E-888A-9A55B18CEB05}
	EndGlobalSection
EndGlobal
